
Microsoft Visual Studio Solution File, Format Version 12.00
# Visual Studio Version 17
VisualStudioVersion = 17.2.32630.192
MinimumVisualStudioVersion = 10.0.40219.1
Project("{9A19103F-16F7-4668-BE54-9A1E7A4F7556}") = "ConsoleUI", "ConsoleUI\ConsoleUI.csproj", "{BF9F6451-8560-4794-809F-6628A6E7A5E2}"
EndProject
Project("{9A19103F-16F7-4668-BE54-9A1E7A4F7556}") = "Controllers", "Controller\Controllers.csproj", "{34A843A8-AB6E-4293-A79E-889C7684E42A}"
EndProject
Project("{9A19103F-16F7-4668-BE54-9A1E7A4F7556}") = "Models", "Models\Models.csproj", "{CEC62026-A5F4-48E6-B2C4-E3BFD9D9AEFD}"
EndProject
Project("{9A19103F-16F7-4668-BE54-9A1E7A4F7556}") = "ViewModels", "ViewModels\ViewModels.csproj", "{6EE1F167-A58E-42D6-A314-7194CFAFE4CA}"
EndProject
Project("{FAE04EC0-301F-11D3-BF4B-00C04F79EFBC}") = "LawnMowerRobotUnitTest", "LawnMowerRobotUnitTest\LawnMowerRobotUnitTest.csproj", "{97761EE3-6AC9-40F9-8930-0E53852311A0}"
EndProject
Global
	GlobalSection(SolutionConfigurationPlatforms) = preSolution
		Debug|Any CPU = Debug|Any CPU
		Release|Any CPU = Release|Any CPU
	EndGlobalSection
	GlobalSection(ProjectConfigurationPlatforms) = postSolution
		{BF9F6451-8560-4794-809F-6628A6E7A5E2}.Debug|Any CPU.ActiveCfg = Debug|Any CPU
		{BF9F6451-8560-4794-809F-6628A6E7A5E2}.Debug|Any CPU.Build.0 = Debug|Any CPU
		{BF9F6451-8560-4794-809F-6628A6E7A5E2}.Release|Any CPU.ActiveCfg = Release|Any CPU
		{BF9F6451-8560-4794-809F-6628A6E7A5E2}.Release|Any CPU.Build.0 = Release|Any CPU
		{34A843A8-AB6E-4293-A79E-889C7684E42A}.Debug|Any CPU.ActiveCfg = Debug|Any CPU
		{34A843A8-AB6E-4293-A79E-889C7684E42A}.Debug|Any CPU.Build.0 = Debug|Any CPU
		{34A843A8-AB6E-4293-A79E-889C7684E42A}.Release|Any CPU.ActiveCfg = Release|Any CPU
		{34A843A8-AB6E-4293-A79E-889C7684E42A}.Release|Any CPU.Build.0 = Release|Any CPU
		{CEC62026-A5F4-48E6-B2C4-E3BFD9D9AEFD}.Debug|Any CPU.ActiveCfg = Debug|Any CPU
		{CEC62026-A5F4-48E6-B2C4-E3BFD9D9AEFD}.Debug|Any CPU.Build.0 = Debug|Any CPU
		{CEC62026-A5F4-48E6-B2C4-E3BFD9D9AEFD}.Release|Any CPU.ActiveCfg = Release|Any CPU
		{CEC62026-A5F4-48E6-B2C4-E3BFD9D9AEFD}.Release|Any CPU.Build.0 = Release|Any CPU
		{6EE1F167-A58E-42D6-A314-7194CFAFE4CA}.Debug|Any CPU.ActiveCfg = Debug|Any CPU
		{6EE1F167-A58E-42D6-A314-7194CFAFE4CA}.Debug|Any CPU.Build.0 = Debug|Any CPU
		{6EE1F167-A58E-42D6-A314-7194CFAFE4CA}.Release|Any CPU.ActiveCfg = Release|Any CPU
		{6EE1F167-A58E-42D6-A314-7194CFAFE4CA}.Release|Any CPU.Build.0 = Release|Any CPU
		{97761EE3-6AC9-40F9-8930-0E53852311A0}.Debug|Any CPU.ActiveCfg = Debug|Any CPU
		{97761EE3-6AC9-40F9-8930-0E53852311A0}.Debug|Any CPU.Build.0 = Debug|Any CPU
		{97761EE3-6AC9-40F9-8930-0E53852311A0}.Release|Any CPU.ActiveCfg = Release|Any CPU
		{97761EE3-6AC9-40F9-8930-0E53852311A0}.Release|Any CPU.Build.0 = Release|Any CPU
	EndGlobalSection
	GlobalSection(SolutionProperties) = preSolution
		HideSolutionNode = FALSE
	EndGlobalSection
	GlobalSection(ExtensibilityGlobals) = postSolution
		SolutionGuid = {4652D439-C291-48C9-B19F-16EF0AAEFD70}
	EndGlobalSection
EndGlobal
